
Microsoft Visual Studio Solution File, Format Version 9.00
# Visual Studio 2005
Project("{F184B08F-C81C-45F6-A57F-5ABD9991F28F}") = "DHCP", "DHCP\DHCP.vbproj", "{2FDED1C8-CDCB-46FA-BA8A-5507DD93EC09}"
EndProject
Global
	GlobalSection(SolutionConfigurationPlatforms) = preSolution
		Debug|Any CPU = Debug|Any CPU
		Release|Any CPU = Release|Any CPU
	EndGlobalSection
	GlobalSection(ProjectConfigurationPlatforms) = postSolution
		{2FDED1C8-CDCB-46FA-BA8A-5507DD93EC09}.Debug|Any CPU.ActiveCfg = Debug|Any CPU
		{2FDED1C8-CDCB-46FA-BA8A-5507DD93EC09}.Debug|Any CPU.Build.0 = Debug|Any CPU
		{2FDED1C8-CDCB-46FA-BA8A-5507DD93EC09}.Release|Any CPU.ActiveCfg = Release|Any CPU
		{2FDED1C8-CDCB-46FA-BA8A-5507DD93EC09}.Release|Any CPU.Build.0 = Release|Any CPU
	EndGlobalSection
	GlobalSection(SolutionProperties) = preSolution
		HideSolutionNode = FALSE
	EndGlobalSection
EndGlobal
